
Microsoft Visual Studio Solution File, Format Version 12.00
# Visual Studio Version 17
VisualStudioVersion = 17.7.34031.279
MinimumVisualStudioVersion = 10.0.40219.1
Project("{FAE04EC0-301F-11D3-BF4B-00C04F79EFBC}") = "AspWIthAdo", "AspWIthAdo\AspWIthAdo.csproj", "{532AD799-56E9-4CE2-ADE1-537A365A943A}"
EndProject
Global
	GlobalSection(SolutionConfigurationPlatforms) = preSolution
		Debug|Any CPU = Debug|Any CPU
		Release|Any CPU = Release|Any CPU
	EndGlobalSection
	GlobalSection(ProjectConfigurationPlatforms) = postSolution
		{532AD799-56E9-4CE2-ADE1-537A365A943A}.Debug|Any CPU.ActiveCfg = Debug|Any CPU
		{532AD799-56E9-4CE2-ADE1-537A365A943A}.Debug|Any CPU.Build.0 = Debug|Any CPU
		{532AD799-56E9-4CE2-ADE1-537A365A943A}.Release|Any CPU.ActiveCfg = Release|Any CPU
		{532AD799-56E9-4CE2-ADE1-537A365A943A}.Release|Any CPU.Build.0 = Release|Any CPU
	EndGlobalSection
	GlobalSection(SolutionProperties) = preSolution
		HideSolutionNode = FALSE
	EndGlobalSection
	GlobalSection(ExtensibilityGlobals) = postSolution
		SolutionGuid = {380786AB-020C-4839-AB08-92E7887DE011}
	EndGlobalSection
EndGlobal
